
Microsoft Visual Studio Solution File, Format Version 12.00
# Visual Studio Version 16
VisualStudioVersion = 16.0.30413.136
MinimumVisualStudioVersion = 10.0.40219.1
Project("{FAE04EC0-301F-11D3-BF4B-00C04F79EFBC}") = "Sample.Core", "Sample.Core\Sample.Core.csproj", "{F4A14D4C-2F55-4D5B-8296-B048F32308A4}"
EndProject
Project("{FAE04EC0-301F-11D3-BF4B-00C04F79EFBC}") = "Sample.Core.Tests", "Sample.Core.Tests\Sample.Core.Tests.csproj", "{C1677D08-DE11-454B-BCE0-51141F5B0E7B}"
EndProject
Global
	GlobalSection(SolutionConfigurationPlatforms) = preSolution
		Debug|Any CPU = Debug|Any CPU
		Release|Any CPU = Release|Any CPU
	EndGlobalSection
	GlobalSection(ProjectConfigurationPlatforms) = postSolution
		{F4A14D4C-2F55-4D5B-8296-B048F32308A4}.Debug|Any CPU.ActiveCfg = Debug|Any CPU
		{F4A14D4C-2F55-4D5B-8296-B048F32308A4}.Debug|Any CPU.Build.0 = Debug|Any CPU
		{F4A14D4C-2F55-4D5B-8296-B048F32308A4}.Release|Any CPU.ActiveCfg = Release|Any CPU
		{F4A14D4C-2F55-4D5B-8296-B048F32308A4}.Release|Any CPU.Build.0 = Release|Any CPU
		{C1677D08-DE11-454B-BCE0-51141F5B0E7B}.Debug|Any CPU.ActiveCfg = Debug|Any CPU
		{C1677D08-DE11-454B-BCE0-51141F5B0E7B}.Debug|Any CPU.Build.0 = Debug|Any CPU
		{C1677D08-DE11-454B-BCE0-51141F5B0E7B}.Release|Any CPU.ActiveCfg = Release|Any CPU
		{C1677D08-DE11-454B-BCE0-51141F5B0E7B}.Release|Any CPU.Build.0 = Release|Any CPU
	EndGlobalSection
	GlobalSection(SolutionProperties) = preSolution
		HideSolutionNode = FALSE
	EndGlobalSection
	GlobalSection(ExtensibilityGlobals) = postSolution
		SolutionGuid = {AAA1010E-0BC2-4ADF-A6EC-ED2867F81953}
	EndGlobalSection
EndGlobal
